
Microsoft Visual Studio Solution File, Format Version 10.00
# Visual Studio 2008
Project("{8BC9CEB8-8B4A-11D0-8D11-00A0C91BC942}") = "BundlerFocalExtractor", "BundlerFocalExtractor\script\BundlerFocalExtractor.vcproj", "{98D423B7-D314-45A0-8B20-B2FABAC59B6F}"
	ProjectSection(ProjectDependencies) = postProject
		{78E87D71-9E45-4BE9-A51E-2615A1DE7A82} = {78E87D71-9E45-4BE9-A51E-2615A1DE7A82}
		{F860F7C3-C1A3-483D-A664-1EEE89E8533E} = {F860F7C3-C1A3-483D-A664-1EEE89E8533E}
		{697686E8-AB84-402D-BDEA-035E81A3B4A7} = {697686E8-AB84-402D-BDEA-035E81A3B4A7}
	EndProjectSection
EndProject
Project("{2150E333-8FDC-42A3-9474-1A3956D46DE8}") = "Dependencies", "Dependencies", "{F922E515-A234-49C4-BBD2-009024C84083}"
EndProject
Project("{8BC9CEB8-8B4A-11D0-8D11-00A0C91BC942}") = "Exif", "Dependencies\Exif\script\exif.vcproj", "{78E87D71-9E45-4BE9-A51E-2615A1DE7A82}"
EndProject
Project("{8BC9CEB8-8B4A-11D0-8D11-00A0C91BC942}") = "Jpeg", "Dependencies\jpeg\script\jpeg.vcproj", "{F860F7C3-C1A3-483D-A664-1EEE89E8533E}"
EndProject
Project("{8BC9CEB8-8B4A-11D0-8D11-00A0C91BC942}") = "tinyxml", "Dependencies\tinyxml\script\tinyxml.vcproj", "{697686E8-AB84-402D-BDEA-035E81A3B4A7}"
EndProject
Project("{8BC9CEB8-8B4A-11D0-8D11-00A0C91BC942}") = "BundlerViewer", "BundlerViewer\script\BundlerViewer.vcproj", "{8DEDE164-6326-41D8-A5CF-D60B7F967D45}"
EndProject
Project("{8BC9CEB8-8B4A-11D0-8D11-00A0C91BC942}") = "BundlerToTracking", "BundlerToTracking\script\BundlerToTracking.vcproj", "{2DAE4C75-7E30-48E9-AE2F-5BC8AFF35A26}"
EndProject
Project("{8BC9CEB8-8B4A-11D0-8D11-00A0C91BC942}") = "BundlerMatcher", "BundlerMatcher\script\BundlerMatcher.vcproj", "{7DA855D4-9833-49D3-8BFA-4B0D0B1DBAD8}"
EndProject
Project("{8BC9CEB8-8B4A-11D0-8D11-00A0C91BC942}") = "BundlerCleaner", "BundlerCleaner\script\BundlerCleaner.vcproj", "{9E7AE2E4-FE49-4F02-9343-EFE8DC97AB69}"
	ProjectSection(ProjectDependencies) = postProject
		{FF716CB1-E905-466E-8E0B-29A8D25DEDF0} = {FF716CB1-E905-466E-8E0B-29A8D25DEDF0}
	EndProjectSection
EndProject
Project("{8BC9CEB8-8B4A-11D0-8D11-00A0C91BC942}") = "BundlerParser", "BundlerParser\script\BundlerParser.vcproj", "{FF716CB1-E905-466E-8E0B-29A8D25DEDF0}"
EndProject
Project("{8BC9CEB8-8B4A-11D0-8D11-00A0C91BC942}") = "BundlerToPly", "BundlerToPly\script\BundlerToPly.vcproj", "{15D5577B-D544-4288-8044-09F0CF645C8D}"
	ProjectSection(ProjectDependencies) = postProject
		{FF716CB1-E905-466E-8E0B-29A8D25DEDF0} = {FF716CB1-E905-466E-8E0B-29A8D25DEDF0}
	EndProjectSection
EndProject
Project("{2150E333-8FDC-42A3-9474-1A3956D46DE8}") = "Tracking", "Tracking", "{FBFB9A38-5BCD-4D1A-80D7-548FAA7C2C34}"
EndProject
Project("{8BC9CEB8-8B4A-11D0-8D11-00A0C91BC942}") = "SiftGPU", "Dependencies\SiftGPU\script\SiftGPU.vcproj", "{7E0E0508-3D43-4559-A66D-127C975EF30B}"
EndProject
Global
	GlobalSection(SolutionConfigurationPlatforms) = preSolution
		Debug|Win32 = Debug|Win32
		Debug|x64 = Debug|x64
		Release|Win32 = Release|Win32
		Release|x64 = Release|x64
	EndGlobalSection
	GlobalSection(ProjectConfigurationPlatforms) = postSolution
		{98D423B7-D314-45A0-8B20-B2FABAC59B6F}.Debug|Win32.ActiveCfg = Debug|Win32
		{98D423B7-D314-45A0-8B20-B2FABAC59B6F}.Debug|Win32.Build.0 = Debug|Win32
		{98D423B7-D314-45A0-8B20-B2FABAC59B6F}.Debug|x64.ActiveCfg = Debug|Win32
		{98D423B7-D314-45A0-8B20-B2FABAC59B6F}.Release|Win32.ActiveCfg = Release|Win32
		{98D423B7-D314-45A0-8B20-B2FABAC59B6F}.Release|Win32.Build.0 = Release|Win32
		{98D423B7-D314-45A0-8B20-B2FABAC59B6F}.Release|x64.ActiveCfg = Release|Win32
		{78E87D71-9E45-4BE9-A51E-2615A1DE7A82}.Debug|Win32.ActiveCfg = Debug|Win32
		{78E87D71-9E45-4BE9-A51E-2615A1DE7A82}.Debug|Win32.Build.0 = Debug|Win32
		{78E87D71-9E45-4BE9-A51E-2615A1DE7A82}.Debug|x64.ActiveCfg = Debug|Win32
		{78E87D71-9E45-4BE9-A51E-2615A1DE7A82}.Release|Win32.ActiveCfg = Release|Win32
		{78E87D71-9E45-4BE9-A51E-2615A1DE7A82}.Release|Win32.Build.0 = Release|Win32
		{78E87D71-9E45-4BE9-A51E-2615A1DE7A82}.Release|x64.ActiveCfg = Release|Win32
		{F860F7C3-C1A3-483D-A664-1EEE89E8533E}.Debug|Win32.ActiveCfg = Debug|Win32
		{F860F7C3-C1A3-483D-A664-1EEE89E8533E}.Debug|Win32.Build.0 = Debug|Win32
		{F860F7C3-C1A3-483D-A664-1EEE89E8533E}.Debug|x64.ActiveCfg = Debug|Win32
		{F860F7C3-C1A3-483D-A664-1EEE89E8533E}.Release|Win32.ActiveCfg = Release|Win32
		{F860F7C3-C1A3-483D-A664-1EEE89E8533E}.Release|Win32.Build.0 = Release|Win32
		{F860F7C3-C1A3-483D-A664-1EEE89E8533E}.Release|x64.ActiveCfg = Release|Win32
		{697686E8-AB84-402D-BDEA-035E81A3B4A7}.Debug|Win32.ActiveCfg = Debug|Win32
		{697686E8-AB84-402D-BDEA-035E81A3B4A7}.Debug|Win32.Build.0 = Debug|Win32
		{697686E8-AB84-402D-BDEA-035E81A3B4A7}.Debug|x64.ActiveCfg = Debug|Win32
		{697686E8-AB84-402D-BDEA-035E81A3B4A7}.Release|Win32.ActiveCfg = Release|Win32
		{697686E8-AB84-402D-BDEA-035E81A3B4A7}.Release|Win32.Build.0 = Release|Win32
		{697686E8-AB84-402D-BDEA-035E81A3B4A7}.Release|x64.ActiveCfg = Release|Win32
		{8DEDE164-6326-41D8-A5CF-D60B7F967D45}.Debug|Win32.ActiveCfg = Debug|Win32
		{8DEDE164-6326-41D8-A5CF-D60B7F967D45}.Debug|Win32.Build.0 = Debug|Win32
		{8DEDE164-6326-41D8-A5CF-D60B7F967D45}.Debug|x64.ActiveCfg = Debug|Win32
		{8DEDE164-6326-41D8-A5CF-D60B7F967D45}.Release|Win32.ActiveCfg = Release|Win32
		{8DEDE164-6326-41D8-A5CF-D60B7F967D45}.Release|Win32.Build.0 = Release|Win32
		{8DEDE164-6326-41D8-A5CF-D60B7F967D45}.Release|x64.ActiveCfg = Release|Win32
		{2DAE4C75-7E30-48E9-AE2F-5BC8AFF35A26}.Debug|Win32.ActiveCfg = Debug|Win32
		{2DAE4C75-7E30-48E9-AE2F-5BC8AFF35A26}.Debug|Win32.Build.0 = Debug|Win32
		{2DAE4C75-7E30-48E9-AE2F-5BC8AFF35A26}.Debug|x64.ActiveCfg = Debug|Win32
		{2DAE4C75-7E30-48E9-AE2F-5BC8AFF35A26}.Release|Win32.ActiveCfg = Release|Win32
		{2DAE4C75-7E30-48E9-AE2F-5BC8AFF35A26}.Release|Win32.Build.0 = Release|Win32
		{2DAE4C75-7E30-48E9-AE2F-5BC8AFF35A26}.Release|x64.ActiveCfg = Release|Win32
		{7DA855D4-9833-49D3-8BFA-4B0D0B1DBAD8}.Debug|Win32.ActiveCfg = Debug|Win32
		{7DA855D4-9833-49D3-8BFA-4B0D0B1DBAD8}.Debug|Win32.Build.0 = Debug|Win32
		{7DA855D4-9833-49D3-8BFA-4B0D0B1DBAD8}.Debug|x64.ActiveCfg = Debug|x64
		{7DA855D4-9833-49D3-8BFA-4B0D0B1DBAD8}.Debug|x64.Build.0 = Debug|x64
		{7DA855D4-9833-49D3-8BFA-4B0D0B1DBAD8}.Release|Win32.ActiveCfg = Release|Win32
		{7DA855D4-9833-49D3-8BFA-4B0D0B1DBAD8}.Release|x64.ActiveCfg = Release|x64
		{7DA855D4-9833-49D3-8BFA-4B0D0B1DBAD8}.Release|x64.Build.0 = Release|x64
		{9E7AE2E4-FE49-4F02-9343-EFE8DC97AB69}.Debug|Win32.ActiveCfg = Debug|Win32
		{9E7AE2E4-FE49-4F02-9343-EFE8DC97AB69}.Debug|Win32.Build.0 = Debug|Win32
		{9E7AE2E4-FE49-4F02-9343-EFE8DC97AB69}.Debug|x64.ActiveCfg = Debug|Win32
		{9E7AE2E4-FE49-4F02-9343-EFE8DC97AB69}.Release|Win32.ActiveCfg = Release|Win32
		{9E7AE2E4-FE49-4F02-9343-EFE8DC97AB69}.Release|Win32.Build.0 = Release|Win32
		{9E7AE2E4-FE49-4F02-9343-EFE8DC97AB69}.Release|x64.ActiveCfg = Release|Win32
		{FF716CB1-E905-466E-8E0B-29A8D25DEDF0}.Debug|Win32.ActiveCfg = Debug|Win32
		{FF716CB1-E905-466E-8E0B-29A8D25DEDF0}.Debug|Win32.Build.0 = Debug|Win32
		{FF716CB1-E905-466E-8E0B-29A8D25DEDF0}.Debug|x64.ActiveCfg = Debug|Win32
		{FF716CB1-E905-466E-8E0B-29A8D25DEDF0}.Release|Win32.ActiveCfg = Release|Win32
		{FF716CB1-E905-466E-8E0B-29A8D25DEDF0}.Release|Win32.Build.0 = Release|Win32
		{FF716CB1-E905-466E-8E0B-29A8D25DEDF0}.Release|x64.ActiveCfg = Release|Win32
		{15D5577B-D544-4288-8044-09F0CF645C8D}.Debug|Win32.ActiveCfg = Debug|Win32
		{15D5577B-D544-4288-8044-09F0CF645C8D}.Debug|Win32.Build.0 = Debug|Win32
		{15D5577B-D544-4288-8044-09F0CF645C8D}.Debug|x64.ActiveCfg = Debug|Win32
		{15D5577B-D544-4288-8044-09F0CF645C8D}.Release|Win32.ActiveCfg = Release|Win32
		{15D5577B-D544-4288-8044-09F0CF645C8D}.Release|Win32.Build.0 = Release|Win32
		{15D5577B-D544-4288-8044-09F0CF645C8D}.Release|x64.ActiveCfg = Release|Win32
		{7E0E0508-3D43-4559-A66D-127C975EF30B}.Debug|Win32.ActiveCfg = Debug|Win32
		{7E0E0508-3D43-4559-A66D-127C975EF30B}.Debug|Win32.Build.0 = Debug|Win32
		{7E0E0508-3D43-4559-A66D-127C975EF30B}.Debug|x64.ActiveCfg = Debug|x64
		{7E0E0508-3D43-4559-A66D-127C975EF30B}.Debug|x64.Build.0 = Debug|x64
		{7E0E0508-3D43-4559-A66D-127C975EF30B}.Release|Win32.ActiveCfg = Release|Win32
		{7E0E0508-3D43-4559-A66D-127C975EF30B}.Release|Win32.Build.0 = Release|Win32
		{7E0E0508-3D43-4559-A66D-127C975EF30B}.Release|x64.ActiveCfg = Release|x64
		{7E0E0508-3D43-4559-A66D-127C975EF30B}.Release|x64.Build.0 = Release|x64
	EndGlobalSection
	GlobalSection(SolutionProperties) = preSolution
		HideSolutionNode = FALSE
	EndGlobalSection
	GlobalSection(NestedProjects) = preSolution
		{78E87D71-9E45-4BE9-A51E-2615A1DE7A82} = {F922E515-A234-49C4-BBD2-009024C84083}
		{F860F7C3-C1A3-483D-A664-1EEE89E8533E} = {F922E515-A234-49C4-BBD2-009024C84083}
		{697686E8-AB84-402D-BDEA-035E81A3B4A7} = {F922E515-A234-49C4-BBD2-009024C84083}
		{7E0E0508-3D43-4559-A66D-127C975EF30B} = {F922E515-A234-49C4-BBD2-009024C84083}
		{9E7AE2E4-FE49-4F02-9343-EFE8DC97AB69} = {FBFB9A38-5BCD-4D1A-80D7-548FAA7C2C34}
		{15D5577B-D544-4288-8044-09F0CF645C8D} = {FBFB9A38-5BCD-4D1A-80D7-548FAA7C2C34}
		{2DAE4C75-7E30-48E9-AE2F-5BC8AFF35A26} = {FBFB9A38-5BCD-4D1A-80D7-548FAA7C2C34}
	EndGlobalSection
EndGlobal
